
Microsoft Visual Studio Solution File, Format Version 12.00
# Visual Studio Version 16
VisualStudioVersion = 16.0.30320.27
MinimumVisualStudioVersion = 10.0.40219.1
Project("{FAE04EC0-301F-11D3-BF4B-00C04F79EFBC}") = "T8086", "T8086.csproj", "{64CEC62F-503C-459D-A767-D3151F7771A7}"
EndProject
Global
	GlobalSection(SolutionConfigurationPlatforms) = preSolution
		Debug|Any CPU = Debug|Any CPU
		Release|Any CPU = Release|Any CPU
	EndGlobalSection
	GlobalSection(ProjectConfigurationPlatforms) = postSolution
		{64CEC62F-503C-459D-A767-D3151F7771A7}.Debug|Any CPU.ActiveCfg = Debug|Any CPU
		{64CEC62F-503C-459D-A767-D3151F7771A7}.Debug|Any CPU.Build.0 = Debug|Any CPU
		{64CEC62F-503C-459D-A767-D3151F7771A7}.Release|Any CPU.ActiveCfg = Release|Any CPU
		{64CEC62F-503C-459D-A767-D3151F7771A7}.Release|Any CPU.Build.0 = Release|Any CPU
	EndGlobalSection
	GlobalSection(SolutionProperties) = preSolution
		HideSolutionNode = FALSE
	EndGlobalSection
	GlobalSection(ExtensibilityGlobals) = postSolution
		SolutionGuid = {EFE22CC0-C61B-4058-9C22-563992972843}
	EndGlobalSection
EndGlobal
